
Microsoft Visual Studio Solution File, Format Version 12.00
# Visual Studio 14
VisualStudioVersion = 14.0.25420.1
MinimumVisualStudioVersion = 10.0.40219.1
Project("{FAE04EC0-301F-11D3-BF4B-00C04F79EFBC}") = "MudrakPatel_Lab03_Ex2", "MudrakPatel_Lab03\MudrakPatel_Lab03_Ex2.csproj", "{67D9E8C6-EA9E-4701-BCB7-49DB900B02B4}"
EndProject
Project("{FAE04EC0-301F-11D3-BF4B-00C04F79EFBC}") = "MudrakPatel_Lab03_Ex3", "MudrakPatel_Lab03_Ex3\MudrakPatel_Lab03_Ex3.csproj", "{97780048-7CCB-46E2-A753-B42FCB85DFBB}"
EndProject
Project("{FAE04EC0-301F-11D3-BF4B-00C04F79EFBC}") = "MudrakPatel_Lab03_Ex4", "MudrakPatel_Lab03_Ex4\MudrakPatel_Lab03_Ex4.csproj", "{2940E64E-132D-45A8-8336-B49FA00C7A4E}"
EndProject
Project("{FAE04EC0-301F-11D3-BF4B-00C04F79EFBC}") = "MudrakPatel_Lab03_Ex1", "MudrakPatel_Lab03_Ex1\MudrakPatel_Lab03_Ex1.csproj", "{344978FD-8B48-4699-9CAB-647977F7520E}"
EndProject
Global
	GlobalSection(SolutionConfigurationPlatforms) = preSolution
		Debug|Any CPU = Debug|Any CPU
		Release|Any CPU = Release|Any CPU
	EndGlobalSection
	GlobalSection(ProjectConfigurationPlatforms) = postSolution
		{67D9E8C6-EA9E-4701-BCB7-49DB900B02B4}.Debug|Any CPU.ActiveCfg = Debug|Any CPU
		{67D9E8C6-EA9E-4701-BCB7-49DB900B02B4}.Debug|Any CPU.Build.0 = Debug|Any CPU
		{67D9E8C6-EA9E-4701-BCB7-49DB900B02B4}.Release|Any CPU.ActiveCfg = Release|Any CPU
		{67D9E8C6-EA9E-4701-BCB7-49DB900B02B4}.Release|Any CPU.Build.0 = Release|Any CPU
		{97780048-7CCB-46E2-A753-B42FCB85DFBB}.Debug|Any CPU.ActiveCfg = Debug|Any CPU
		{97780048-7CCB-46E2-A753-B42FCB85DFBB}.Debug|Any CPU.Build.0 = Debug|Any CPU
		{97780048-7CCB-46E2-A753-B42FCB85DFBB}.Release|Any CPU.ActiveCfg = Release|Any CPU
		{97780048-7CCB-46E2-A753-B42FCB85DFBB}.Release|Any CPU.Build.0 = Release|Any CPU
		{2940E64E-132D-45A8-8336-B49FA00C7A4E}.Debug|Any CPU.ActiveCfg = Debug|Any CPU
		{2940E64E-132D-45A8-8336-B49FA00C7A4E}.Debug|Any CPU.Build.0 = Debug|Any CPU
		{2940E64E-132D-45A8-8336-B49FA00C7A4E}.Release|Any CPU.ActiveCfg = Release|Any CPU
		{2940E64E-132D-45A8-8336-B49FA00C7A4E}.Release|Any CPU.Build.0 = Release|Any CPU
		{344978FD-8B48-4699-9CAB-647977F7520E}.Debug|Any CPU.ActiveCfg = Debug|Any CPU
		{344978FD-8B48-4699-9CAB-647977F7520E}.Debug|Any CPU.Build.0 = Debug|Any CPU
		{344978FD-8B48-4699-9CAB-647977F7520E}.Release|Any CPU.ActiveCfg = Release|Any CPU
		{344978FD-8B48-4699-9CAB-647977F7520E}.Release|Any CPU.Build.0 = Release|Any CPU
	EndGlobalSection
	GlobalSection(SolutionProperties) = preSolution
		HideSolutionNode = FALSE
	EndGlobalSection
EndGlobal
